
Microsoft Visual Studio Solution File, Format Version 12.00
# Visual Studio 15
VisualStudioVersion = 15.0.27518.3002
MinimumVisualStudioVersion = 10.0.40219.1
Project("{FAE04EC0-301F-11D3-BF4B-00C04F79EFBC}") = "InsertGuid", "src\InsertGuid.csproj", "{28C22525-03C6-4B1B-BC87-B1D8A39E87AA}"
EndProject
Project("{2150E333-8FDC-42A3-9474-1A3956D46DE8}") = "Solution Items", "Solution Items", "{5736025D-6540-4AE4-B635-F920F023DE1A}"
	ProjectSection(SolutionItems) = preProject
		appveyor.yml = appveyor.yml
		README.md = README.md
	EndProjectSection
EndProject
Global
	GlobalSection(SolutionConfigurationPlatforms) = preSolution
		Debug|Any CPU = Debug|Any CPU
		Release|Any CPU = Release|Any CPU
	EndGlobalSection
	GlobalSection(ProjectConfigurationPlatforms) = postSolution
		{28C22525-03C6-4B1B-BC87-B1D8A39E87AA}.Debug|Any CPU.ActiveCfg = Debug|Any CPU
		{28C22525-03C6-4B1B-BC87-B1D8A39E87AA}.Debug|Any CPU.Build.0 = Debug|Any CPU
		{28C22525-03C6-4B1B-BC87-B1D8A39E87AA}.Release|Any CPU.ActiveCfg = Release|Any CPU
		{28C22525-03C6-4B1B-BC87-B1D8A39E87AA}.Release|Any CPU.Build.0 = Release|Any CPU
	EndGlobalSection
	GlobalSection(SolutionProperties) = preSolution
		HideSolutionNode = FALSE
	EndGlobalSection
	GlobalSection(ExtensibilityGlobals) = postSolution
		SolutionGuid = {62EA17F0-72C9-4946-ABC7-D45822EDD207}
	EndGlobalSection
EndGlobal
